
Microsoft Visual Studio Solution File, Format Version 12.00
# Visual Studio Version 16
VisualStudioVersion = 16.0.32126.315
MinimumVisualStudioVersion = 10.0.40219.1
Project("{FAE04EC0-301F-11D3-BF4B-00C04F79EFBC}") = "lab 7", "lab 7\lab 7.csproj", "{E568808E-6BA0-4B2C-8D2D-C4187730ECF6}"
EndProject
Global
	GlobalSection(SolutionConfigurationPlatforms) = preSolution
		Debug|Any CPU = Debug|Any CPU
		Release|Any CPU = Release|Any CPU
	EndGlobalSection
	GlobalSection(ProjectConfigurationPlatforms) = postSolution
		{E568808E-6BA0-4B2C-8D2D-C4187730ECF6}.Debug|Any CPU.ActiveCfg = Debug|Any CPU
		{E568808E-6BA0-4B2C-8D2D-C4187730ECF6}.Debug|Any CPU.Build.0 = Debug|Any CPU
		{E568808E-6BA0-4B2C-8D2D-C4187730ECF6}.Release|Any CPU.ActiveCfg = Release|Any CPU
		{E568808E-6BA0-4B2C-8D2D-C4187730ECF6}.Release|Any CPU.Build.0 = Release|Any CPU
	EndGlobalSection
	GlobalSection(SolutionProperties) = preSolution
		HideSolutionNode = FALSE
	EndGlobalSection
	GlobalSection(ExtensibilityGlobals) = postSolution
		SolutionGuid = {1E88EBE6-0BA8-45CA-8931-CDB6C289C6A4}
	EndGlobalSection
EndGlobal
